
Microsoft Visual Studio Solution File, Format Version 12.00
# Visual Studio Version 16
VisualStudioVersion = 16.0.30114.105
MinimumVisualStudioVersion = 10.0.40219.1
Project("{FAE04EC0-301F-11D3-BF4B-00C04F79EFBC}") = "GroceryDelivery", "..\GroceryDelivery\GroceryDelivery.csproj", "{7EBFA31E-8F1D-45A2-92C0-4C817C8BA824}"
EndProject
Project("{FAE04EC0-301F-11D3-BF4B-00C04F79EFBC}") = "GroceryTest.Tests", "GroceryTest.Tests\GroceryTest.Tests.csproj", "{F6C9D559-D6AF-4AB0-BA22-5E3B92A82F68}"
EndProject
Global
	GlobalSection(SolutionConfigurationPlatforms) = preSolution
		Debug|Any CPU = Debug|Any CPU
		Release|Any CPU = Release|Any CPU
	EndGlobalSection
	GlobalSection(SolutionProperties) = preSolution
		HideSolutionNode = FALSE
	EndGlobalSection
	GlobalSection(ProjectConfigurationPlatforms) = postSolution
		{7EBFA31E-8F1D-45A2-92C0-4C817C8BA824}.Debug|Any CPU.ActiveCfg = Debug|Any CPU
		{7EBFA31E-8F1D-45A2-92C0-4C817C8BA824}.Debug|Any CPU.Build.0 = Debug|Any CPU
		{7EBFA31E-8F1D-45A2-92C0-4C817C8BA824}.Release|Any CPU.ActiveCfg = Release|Any CPU
		{7EBFA31E-8F1D-45A2-92C0-4C817C8BA824}.Release|Any CPU.Build.0 = Release|Any CPU
		{F6C9D559-D6AF-4AB0-BA22-5E3B92A82F68}.Debug|Any CPU.ActiveCfg = Debug|Any CPU
		{F6C9D559-D6AF-4AB0-BA22-5E3B92A82F68}.Debug|Any CPU.Build.0 = Debug|Any CPU
		{F6C9D559-D6AF-4AB0-BA22-5E3B92A82F68}.Release|Any CPU.ActiveCfg = Release|Any CPU
		{F6C9D559-D6AF-4AB0-BA22-5E3B92A82F68}.Release|Any CPU.Build.0 = Release|Any CPU
	EndGlobalSection
EndGlobal
